# THIS IS AN AUTOGENERATED FILE. DO NOT EDIT THIS FILE DIRECTLY.
# yarn lockfile v1


node-stream-zip@^1.12.0:
  version "1.12.0"
  resolved "https://registry.yarnpkg.com/node-stream-zip/-/node-stream-zip-1.12.0.tgz#f69af78799531b928662f4900d345387fa0b3777"
  integrity sha512-HZ3XehqShTFj9gHauRJ3Bri9eiCTOII7/crtXzURtT14NdnOFs9Ia5E82W7z3izVBNx760tqwddxrBJVG52Y1Q==
